
Microsoft Visual Studio Solution File, Format Version 12.00
# Visual Studio Version 17
VisualStudioVersion = 17.10.35027.167
MinimumVisualStudioVersion = 10.0.40219.1
Project("{9A19103F-16F7-4668-BE54-9A1E7A4F7556}") = "ImageSizeChecker", "ImageSizeChecker\ImageSizeChecker.csproj", "{7658CEEE-D8E2-40C7-8B4B-8140F3F074BE}"
EndProject
Project("{9A19103F-16F7-4668-BE54-9A1E7A4F7556}") = "ImageSizeChecker.Tests", "ImageSizeChecker.Tests\ImageSizeChecker.Tests.csproj", "{20D6364B-9B28-483A-A005-FC6CB662794E}"
EndProject
Project("{9A19103F-16F7-4668-BE54-9A1E7A4F7556}") = "ImageSizeChecker.Services", "ImageSizeChecker.Services\ImageSizeChecker.Services.csproj", "{86611D4D-36D7-4D73-9672-EAE2C70E14AB}"
EndProject
Project("{2150E333-8FDC-42A3-9474-1A3956D46DE8}") = "Solution Items", "Solution Items", "{6CDA0337-6AB5-42D5-96EB-019DCED0DFF1}"
	ProjectSection(SolutionItems) = preProject
		README.md = README.md
	EndProjectSection
EndProject
Global
	GlobalSection(SolutionConfigurationPlatforms) = preSolution
		Debug|Any CPU = Debug|Any CPU
		Release|Any CPU = Release|Any CPU
	EndGlobalSection
	GlobalSection(ProjectConfigurationPlatforms) = postSolution
		{7658CEEE-D8E2-40C7-8B4B-8140F3F074BE}.Debug|Any CPU.ActiveCfg = Debug|Any CPU
		{7658CEEE-D8E2-40C7-8B4B-8140F3F074BE}.Debug|Any CPU.Build.0 = Debug|Any CPU
		{7658CEEE-D8E2-40C7-8B4B-8140F3F074BE}.Release|Any CPU.ActiveCfg = Release|Any CPU
		{7658CEEE-D8E2-40C7-8B4B-8140F3F074BE}.Release|Any CPU.Build.0 = Release|Any CPU
		{20D6364B-9B28-483A-A005-FC6CB662794E}.Debug|Any CPU.ActiveCfg = Debug|Any CPU
		{20D6364B-9B28-483A-A005-FC6CB662794E}.Debug|Any CPU.Build.0 = Debug|Any CPU
		{20D6364B-9B28-483A-A005-FC6CB662794E}.Release|Any CPU.ActiveCfg = Release|Any CPU
		{20D6364B-9B28-483A-A005-FC6CB662794E}.Release|Any CPU.Build.0 = Release|Any CPU
		{86611D4D-36D7-4D73-9672-EAE2C70E14AB}.Debug|Any CPU.ActiveCfg = Debug|Any CPU
		{86611D4D-36D7-4D73-9672-EAE2C70E14AB}.Debug|Any CPU.Build.0 = Debug|Any CPU
		{86611D4D-36D7-4D73-9672-EAE2C70E14AB}.Release|Any CPU.ActiveCfg = Release|Any CPU
		{86611D4D-36D7-4D73-9672-EAE2C70E14AB}.Release|Any CPU.Build.0 = Release|Any CPU
	EndGlobalSection
	GlobalSection(SolutionProperties) = preSolution
		HideSolutionNode = FALSE
	EndGlobalSection
	GlobalSection(ExtensibilityGlobals) = postSolution
		SolutionGuid = {94D2982E-4D51-4DF6-8EBF-DB14B482E122}
	EndGlobalSection
EndGlobal
